
Microsoft Visual Studio Solution File, Format Version 12.00
# Visual Studio Version 16
VisualStudioVersion = 16.0.31911.196
MinimumVisualStudioVersion = 10.0.40219.1
Project("{9A19103F-16F7-4668-BE54-9A1E7A4F7556}") = "DataverseUtil", "DataverseUtil.csproj", "{92F12B87-C8E7-4D1B-9EBD-94FF1EE2743D}"
EndProject
Global
	GlobalSection(SolutionConfigurationPlatforms) = preSolution
		Debug|Any CPU = Debug|Any CPU
		Release|Any CPU = Release|Any CPU
	EndGlobalSection
	GlobalSection(ProjectConfigurationPlatforms) = postSolution
		{92F12B87-C8E7-4D1B-9EBD-94FF1EE2743D}.Debug|Any CPU.ActiveCfg = Debug|Any CPU
		{92F12B87-C8E7-4D1B-9EBD-94FF1EE2743D}.Debug|Any CPU.Build.0 = Debug|Any CPU
		{92F12B87-C8E7-4D1B-9EBD-94FF1EE2743D}.Release|Any CPU.ActiveCfg = Release|Any CPU
		{92F12B87-C8E7-4D1B-9EBD-94FF1EE2743D}.Release|Any CPU.Build.0 = Release|Any CPU
	EndGlobalSection
	GlobalSection(SolutionProperties) = preSolution
		HideSolutionNode = FALSE
	EndGlobalSection
	GlobalSection(ExtensibilityGlobals) = postSolution
		SolutionGuid = {28C66417-53DF-4AC5-84BE-EF4629BC39A2}
	EndGlobalSection
EndGlobal
